
Microsoft Visual Studio Solution File, Format Version 11.00
# Visual Studio 2010
Project("{FAE04EC0-301F-11D3-BF4B-00C04F79EFBC}") = "chat", "chat.csproj", "{49CBEF58-7D12-4005-8C2E-9007DC036FDF}"
EndProject
Global
	GlobalSection(SolutionConfigurationPlatforms) = preSolution
		Debug|x86 = Debug|x86
		Release|x86 = Release|x86
	EndGlobalSection
	GlobalSection(ProjectConfigurationPlatforms) = postSolution
		{49CBEF58-7D12-4005-8C2E-9007DC036FDF}.Debug|x86.ActiveCfg = Debug|x86
		{49CBEF58-7D12-4005-8C2E-9007DC036FDF}.Debug|x86.Build.0 = Debug|x86
		{49CBEF58-7D12-4005-8C2E-9007DC036FDF}.Release|x86.ActiveCfg = Release|x86
		{49CBEF58-7D12-4005-8C2E-9007DC036FDF}.Release|x86.Build.0 = Release|x86
	EndGlobalSection
	GlobalSection(SolutionProperties) = preSolution
		HideSolutionNode = FALSE
	EndGlobalSection
EndGlobal
